<?xml version="1.0" encoding="utf-8"?>
<Project ToolsVersion="4.0" xmlns="http://schemas.microsoft.com/developer/msbuild/2003">
  <ItemGroup>
    <Filter Include="Source Files">
      <UniqueIdentifier>{4FC737F1-C7A5-4376-A066-2A32D752A2FF}</UniqueIdentifier>
      <Extensions>cpp;c;cc;cxx;c++;cppm;ixx;def;odl;idl;hpj;bat;asm;asmx</Extensions>
    </Filter>
    <Filter Include="Header Files">
      <UniqueIdentifier>{93995380-89BD-4b04-88EB-625FBE52EBFB}</UniqueIdentifier>
      <Extensions>h;hh;hpp;hxx;h++;hm;inl;inc;ipp;xsd</Extensions>
    </Filter>
    <Filter Include="Resource Files">
      <UniqueIdentifier>{67DA6AB6-F800-4c08-8B7A-83BB121AAD01}</UniqueIdentifier>
      <Extensions>rc;ico;cur;bmp;dlg;rc2;rct;bin;rgs;gif;jpg;jpeg;jpe;resx;tiff;tif;png;wav;mfcribbon-ms</Extensions>
    </Filter>
  </ItemGroup>
  <ItemGroup>
    <ClCompile Include="src\main.cpp">
      <Filter>Source Files</Filter>
    </ClCompile>
    <ClCompile Include="src\Boilerplate\glad.c">
      <Filter>Source Files</Filter>
    </ClCompile>
    <ClCompile Include="src\Boilerplate\Window.cpp">
      <Filter>Source Files</Filter>
    </ClCompile>
    <ClCompile Include="src\Boilerplate\Shader.cpp">
      <Filter>Source Files</Filter>
    </ClCompile>
    <ClCompile Include="src\Boilerplate\stb_image.cpp">
      <Filter>Source Files</Filter>
    </ClCompile>
    <ClCompile Include="src\Boilerplate\Texture.cpp">
      <Filter>Source Files</Filter>
    </ClCompile>
    <ClCompile Include="src\Boilerplate\Text.cpp">
      <Filter>Source Files</Filter>
    </ClCompile>
    <ClCompile Include="src\Boilerplate\Mesh.cpp">
      <Filter>Source Files</Filter>
    </ClCompile>
    <ClCompile Include="src\RenderingSystem.cpp">
      <Filter>Source Files</Filter>
    </ClCompile>
    <ClCompile Include="src\PhysicsSystem.cpp">
      <Filter>Source Files</Filter>
    </ClCompile>
    <ClCompile Include="libraries\imgui-1.89.2\imgui.cpp">
      <Filter>Source Files</Filter>
    </ClCompile>
    <ClCompile Include="libraries\imgui-1.89.2\imgui_demo.cpp">
      <Filter>Source Files</Filter>
    </ClCompile>
    <ClCompile Include="libraries\imgui-1.89.2\imgui_draw.cpp">
      <Filter>Source Files</Filter>
    </ClCompile>
    <ClCompile Include="libraries\imgui-1.89.2\imgui_impl_glfw.cpp">
      <Filter>Source Files</Filter>
    </ClCompile>
    <ClCompile Include="libraries\imgui-1.89.2\imgui_impl_opengl3.cpp">
      <Filter>Source Files</Filter>
    </ClCompile>
    <ClCompile Include="libraries\imgui-1.89.2\imgui_tables.cpp">
      <Filter>Source Files</Filter>
    </ClCompile>
    <ClCompile Include="libraries\imgui-1.89.2\imgui_widgets.cpp">
      <Filter>Source Files</Filter>
    </ClCompile>
    <ClCompile Include="src\ControllerInput.cpp">
      <Filter>Source Files</Filter>
    </ClCompile>
    <ClCompile Include="src\Boilerplate\Shadow.cpp">
      <Filter>Source Files</Filter>
    </ClCompile>
    <ClCompile Include="snippetvehicle2common\base\Base.cpp">
      <Filter>Source Files</Filter>
    </ClCompile>
    <ClCompile Include="snippetvehicle2common\directdrivetrain\DirectDrivetrain.cpp">
      <Filter>Source Files</Filter>
    </ClCompile>
    <ClCompile Include="snippetvehicle2common\enginedrivetrain\EngineDrivetrain.cpp">
      <Filter>Source Files</Filter>
    </ClCompile>
    <ClCompile Include="snippetvehicle2common\physxintegration\PhysXIntegration.cpp">
      <Filter>Source Files</Filter>
    </ClCompile>
    <ClCompile Include="snippetvehicle2common\serialization\BaseSerialization.cpp">
      <Filter>Source Files</Filter>
    </ClCompile>
    <ClCompile Include="snippetvehicle2common\serialization\DirectDrivetrainSerialization.cpp">
      <Filter>Source Files</Filter>
    </ClCompile>
    <ClCompile Include="snippetvehicle2common\serialization\EngineDrivetrainSerialization.cpp">
      <Filter>Source Files</Filter>
    </ClCompile>
    <ClCompile Include="snippetvehicle2common\serialization\SerializationCommon.cpp">
      <Filter>Source Files</Filter>
    </ClCompile>
    <ClCompile Include="snippetvehicle2common\SnippetVehicleHelpers.cpp">
      <Filter>Source Files</Filter>
    </ClCompile>
    <ClCompile Include="src\GameState.cpp">
      <Filter>Source Files</Filter>
    </ClCompile>
    <ClCompile Include="src\PlayerProperties.cpp">
      <Filter>Source Files</Filter>
    </ClCompile>
    <ClCompile Include="src\NavMesh.cpp">
      <Filter>Source Files</Filter>
    </ClCompile>
    <ClCompile Include="src\Pathfinder.cpp">
      <Filter>Source Files</Filter>
    </ClCompile>
    <ClCompile Include="src\AiController.cpp">
      <Filter>Source Files</Filter>
    </ClCompile>
  </ItemGroup>
  <ItemGroup>
    <None Include=".gitignore" />
    <None Include="imgui.ini" />
  </ItemGroup>
  <ItemGroup>
    <ClInclude Include="src\Boilerplate\Window.h">
      <Filter>Header Files</Filter>
    </ClInclude>
    <ClInclude Include="src\Boilerplate\Shader.h">
      <Filter>Header Files</Filter>
    </ClInclude>
    <ClInclude Include="src\Boilerplate\Timer.h">
      <Filter>Header Files</Filter>
    </ClInclude>
    <ClInclude Include="src\Boilerplate\stb_image.h">
      <Filter>Header Files</Filter>
    </ClInclude>
    <ClInclude Include="src\Boilerplate\Texture.h">
      <Filter>Header Files</Filter>
    </ClInclude>
    <ClInclude Include="src\Boilerplate\Cube.h">
      <Filter>Header Files</Filter>
    </ClInclude>
    <ClInclude Include="src\Boilerplate\Text.h">
      <Filter>Header Files</Filter>
    </ClInclude>
    <ClInclude Include="src\Boilerplate\Mesh.h">
      <Filter>Header Files</Filter>
    </ClInclude>
    <ClInclude Include="src\Boilerplate\Model.h">
      <Filter>Header Files</Filter>
    </ClInclude>
    <ClInclude Include="src\RenderingSystem.h">
      <Filter>Header Files</Filter>
    </ClInclude>
    <ClInclude Include="src\PhysicsSystem.h">
      <Filter>Header Files</Filter>
    </ClInclude>
    <ClInclude Include="src\Transform.h">
      <Filter>Header Files</Filter>
    </ClInclude>
    <ClInclude Include="src\Entity.h">
      <Filter>Header Files</Filter>
    </ClInclude>
    <ClInclude Include="libraries\imgui-1.89.2\imgui.h">
      <Filter>Header Files</Filter>
    </ClInclude>
    <ClInclude Include="libraries\imgui-1.89.2\imgui_impl_glfw.h">
      <Filter>Header Files</Filter>
    </ClInclude>
    <ClInclude Include="libraries\imgui-1.89.2\imgui_impl_opengl3.h">
      <Filter>Header Files</Filter>
    </ClInclude>
    <ClInclude Include="libraries\imgui-1.89.2\imgui_impl_opengl3_loader.h">
      <Filter>Header Files</Filter>
    </ClInclude>
    <ClInclude Include="libraries\imgui-1.89.2\imgui_internal.h">
      <Filter>Header Files</Filter>
    </ClInclude>
    <ClInclude Include="libraries\imgui-1.89.2\imstb_rectpack.h">
      <Filter>Header Files</Filter>
    </ClInclude>
    <ClInclude Include="libraries\imgui-1.89.2\imstb_textedit.h">
      <Filter>Header Files</Filter>
    </ClInclude>
    <ClInclude Include="libraries\imgui-1.89.2\imstb_truetype.h">
      <Filter>Header Files</Filter>
    </ClInclude>
    <ClInclude Include="libraries\imgui-1.89.2\imconfig.h">
      <Filter>Header Files</Filter>
    </ClInclude>
    <ClInclude Include="src\Boilerplate\Shadow.h">
      <Filter>Header Files</Filter>
    </ClInclude>
    <ClInclude Include="snippetcommon\SnippetPrint.h">
      <Filter>Header Files</Filter>
    </ClInclude>
    <ClInclude Include="snippetcommon\SnippetPVD.h">
      <Filter>Header Files</Filter>
    </ClInclude>
    <ClInclude Include="snippetvehicle2common\base\Base.h">
      <Filter>Header Files</Filter>
    </ClInclude>
    <ClInclude Include="snippetvehicle2common\directdrivetrain\DirectDrivetrain.h">
      <Filter>Header Files</Filter>
    </ClInclude>
    <ClInclude Include="snippetvehicle2common\enginedrivetrain\EngineDrivetrain.h">
      <Filter>Header Files</Filter>
    </ClInclude>
    <ClInclude Include="snippetvehicle2common\physxintegration\PhysXIntegration.h">
      <Filter>Header Files</Filter>
    </ClInclude>
    <ClInclude Include="snippetvehicle2common\serialization\BaseSerialization.h">
      <Filter>Header Files</Filter>
    </ClInclude>
    <ClInclude Include="snippetvehicle2common\serialization\DirectDrivetrainSerialization.h">
      <Filter>Header Files</Filter>
    </ClInclude>
    <ClInclude Include="snippetvehicle2common\serialization\EngineDrivetrainSerialization.h">
      <Filter>Header Files</Filter>
    </ClInclude>
    <ClInclude Include="snippetvehicle2common\serialization\SerializationCommon.h">
      <Filter>Header Files</Filter>
    </ClInclude>
    <ClInclude Include="snippetvehicle2common\SnippetVehicleHelpers.h">
      <Filter>Header Files</Filter>
    </ClInclude>
    <ClInclude Include="src\GameState.h">
      <Filter>Header Files</Filter>
    </ClInclude>
    <ClInclude Include="libraries\physx\include\characterkinematic\PxBoxController.h">
      <Filter>Header Files</Filter>
    </ClInclude>
    <ClInclude Include="libraries\physx\include\characterkinematic\PxCapsuleController.h">
      <Filter>Header Files</Filter>
    </ClInclude>
    <ClInclude Include="libraries\physx\include\characterkinematic\PxController.h">
      <Filter>Header Files</Filter>
    </ClInclude>
    <ClInclude Include="libraries\physx\include\characterkinematic\PxControllerBehavior.h">
      <Filter>Header Files</Filter>
    </ClInclude>
    <ClInclude Include="libraries\physx\include\characterkinematic\PxControllerManager.h">
      <Filter>Header Files</Filter>
    </ClInclude>
    <ClInclude Include="libraries\physx\include\characterkinematic\PxControllerObstacles.h">
      <Filter>Header Files</Filter>
    </ClInclude>
    <ClInclude Include="libraries\physx\include\characterkinematic\PxExtended.h">
      <Filter>Header Files</Filter>
    </ClInclude>
    <ClInclude Include="libraries\physx\include\collision\PxCollisionDefs.h">
      <Filter>Header Files</Filter>
    </ClInclude>
    <ClInclude Include="libraries\physx\include\common\windows\PxWindowsDelayLoadHook.h">
      <Filter>Header Files</Filter>
    </ClInclude>
    <ClInclude Include="libraries\physx\include\common\PxBase.h">
      <Filter>Header Files</Filter>
    </ClInclude>
    <ClInclude Include="libraries\physx\include\common\PxCollection.h">
      <Filter>Header Files</Filter>
    </ClInclude>
    <ClInclude Include="libraries\physx\include\common\PxCoreUtilityTypes.h">
      <Filter>Header Files</Filter>
    </ClInclude>
    <ClInclude Include="libraries\physx\include\common\PxInsertionCallback.h">
      <Filter>Header Files</Filter>
    </ClInclude>
    <ClInclude Include="libraries\physx\include\common\PxMetaData.h">
      <Filter>Header Files</Filter>
    </ClInclude>
    <ClInclude Include="libraries\physx\include\common\PxMetaDataFlags.h">
      <Filter>Header Files</Filter>
    </ClInclude>
    <ClInclude Include="libraries\physx\include\common\PxPhysXCommonConfig.h">
      <Filter>Header Files</Filter>
    </ClInclude>
    <ClInclude Include="libraries\physx\include\common\PxProfileZone.h">
      <Filter>Header Files</Filter>
    </ClInclude>
    <ClInclude Include="libraries\physx\include\common\PxRenderBuffer.h">
      <Filter>Header Files</Filter>
    </ClInclude>
    <ClInclude Include="libraries\physx\include\common\PxRenderOutput.h">
      <Filter>Header Files</Filter>
    </ClInclude>
    <ClInclude Include="libraries\physx\include\common\PxSerialFramework.h">
      <Filter>Header Files</Filter>
    </ClInclude>
    <ClInclude Include="libraries\physx\include\common\PxSerializer.h">
      <Filter>Header Files</Filter>
    </ClInclude>
    <ClInclude Include="libraries\physx\include\common\PxStringTable.h">
      <Filter>Header Files</Filter>
    </ClInclude>
    <ClInclude Include="libraries\physx\include\common\PxTolerancesScale.h">
      <Filter>Header Files</Filter>
    </ClInclude>
    <ClInclude Include="libraries\physx\include\common\PxTypeInfo.h">
      <Filter>Header Files</Filter>
    </ClInclude>
    <ClInclude Include="libraries\physx\include\cooking\PxBVH33MidphaseDesc.h">
      <Filter>Header Files</Filter>
    </ClInclude>
    <ClInclude Include="libraries\physx\include\cooking\PxBVH34MidphaseDesc.h">
      <Filter>Header Files</Filter>
    </ClInclude>
    <ClInclude Include="libraries\physx\include\cooking\PxBVHDesc.h">
      <Filter>Header Files</Filter>
    </ClInclude>
    <ClInclude Include="libraries\physx\include\cooking\Pxc.h">
      <Filter>Header Files</Filter>
    </ClInclude>
    <ClInclude Include="libraries\physx\include\cooking\PxConvexMeshDesc.h">
      <Filter>Header Files</Filter>
    </ClInclude>
    <ClInclude Include="libraries\physx\include\cooking\PxCooking.h">
      <Filter>Header Files</Filter>
    </ClInclude>
    <ClInclude Include="libraries\physx\include\cooking\PxCookingInternal.h">
      <Filter>Header Files</Filter>
    </ClInclude>
    <ClInclude Include="libraries\physx\include\cooking\PxMidphaseDesc.h">
      <Filter>Header Files</Filter>
    </ClInclude>
    <ClInclude Include="libraries\physx\include\cooking\PxSDFDesc.h">
      <Filter>Header Files</Filter>
    </ClInclude>
    <ClInclude Include="libraries\physx\include\cooking\PxTetrahedronMeshDesc.h">
      <Filter>Header Files</Filter>
    </ClInclude>
    <ClInclude Include="libraries\physx\include\cooking\PxTriangleMeshDesc.h">
      <Filter>Header Files</Filter>
    </ClInclude>
    <ClInclude Include="libraries\physx\include\cudamanager\PxCudaContext.h">
      <Filter>Header Files</Filter>
    </ClInclude>
    <ClInclude Include="libraries\physx\include\cudamanager\PxCudaContextManager.h">
      <Filter>Header Files</Filter>
    </ClInclude>
    <ClInclude Include="libraries\physx\include\cudamanager\PxCudaTypes.h">
      <Filter>Header Files</Filter>
    </ClInclude>
    <ClInclude Include="libraries\physx\include\extensions\PxBinaryConverter.h">
      <Filter>Header Files</Filter>
    </ClInclude>
    <ClInclude Include="libraries\physx\include\extensions\PxBroadPhaseExt.h">
      <Filter>Header Files</Filter>
    </ClInclude>
    <ClInclude Include="libraries\physx\include\extensions\PxCollectionExt.h">
      <Filter>Header Files</Filter>
    </ClInclude>
    <ClInclude Include="libraries\physx\include\extensions\PxConstraintExt.h">
      <Filter>Header Files</Filter>
    </ClInclude>
    <ClInclude Include="libraries\physx\include\extensions\PxContactJoint.h">
      <Filter>Header Files</Filter>
    </ClInclude>
    <ClInclude Include="libraries\physx\include\extensions\PxConvexMeshExt.h">
      <Filter>Header Files</Filter>
    </ClInclude>
    <ClInclude Include="libraries\physx\include\extensions\PxCustomGeometryExt.h">
      <Filter>Header Files</Filter>
    </ClInclude>
    <ClInclude Include="libraries\physx\include\extensions\PxCustomSceneQuerySystem.h">
      <Filter>Header Files</Filter>
    </ClInclude>
    <ClInclude Include="libraries\physx\include\extensions\PxD6Joint.h">
      <Filter>Header Files</Filter>
    </ClInclude>
    <ClInclude Include="libraries\physx\include\extensions\PxD6JointCreate.h">
      <Filter>Header Files</Filter>
    </ClInclude>
    <ClInclude Include="libraries\physx\include\extensions\PxDefaultAllocator.h">
      <Filter>Header Files</Filter>
    </ClInclude>
    <ClInclude Include="libraries\physx\include\extensions\PxDefaultCpuDispatcher.h">
      <Filter>Header Files</Filter>
    </ClInclude>
    <ClInclude Include="libraries\physx\include\extensions\PxDefaultErrorCallback.h">
      <Filter>Header Files</Filter>
    </ClInclude>
    <ClInclude Include="libraries\physx\include\extensions\PxDefaultSimulationFilterShader.h">
      <Filter>Header Files</Filter>
    </ClInclude>
    <ClInclude Include="libraries\physx\include\extensions\PxDefaultStreams.h">
      <Filter>Header Files</Filter>
    </ClInclude>
    <ClInclude Include="libraries\physx\include\extensions\PxDistanceJoint.h">
      <Filter>Header Files</Filter>
    </ClInclude>
    <ClInclude Include="libraries\physx\include\extensions\PxExtensionsAPI.h">
      <Filter>Header Files</Filter>
    </ClInclude>
    <ClInclude Include="libraries\physx\include\extensions\PxFixedJoint.h">
      <Filter>Header Files</Filter>
    </ClInclude>
    <ClInclude Include="libraries\physx\include\extensions\PxGearJoint.h">
      <Filter>Header Files</Filter>
    </ClInclude>
    <ClInclude Include="libraries\physx\include\extensions\PxGjkQueryExt.h">
      <Filter>Header Files</Filter>
    </ClInclude>
    <ClInclude Include="libraries\physx\include\extensions\PxJoint.h">
      <Filter>Header Files</Filter>
    </ClInclude>
    <ClInclude Include="libraries\physx\include\extensions\PxJointLimit.h">
      <Filter>Header Files</Filter>
    </ClInclude>
    <ClInclude Include="libraries\physx\include\extensions\PxMassProperties.h">
      <Filter>Header Files</Filter>
    </ClInclude>
    <ClInclude Include="libraries\physx\include\extensions\PxParticleClothCooker.h">
      <Filter>Header Files</Filter>
    </ClInclude>
    <ClInclude Include="libraries\physx\include\extensions\PxParticleExt.h">
      <Filter>Header Files</Filter>
    </ClInclude>
    <ClInclude Include="libraries\physx\include\extensions\PxPrismaticJoint.h">
      <Filter>Header Files</Filter>
    </ClInclude>
    <ClInclude Include="libraries\physx\include\extensions\PxRackAndPinionJoint.h">
      <Filter>Header Files</Filter>
    </ClInclude>
    <ClInclude Include="libraries\physx\include\extensions\PxRaycastCCD.h">
      <Filter>Header Files</Filter>
    </ClInclude>
    <ClInclude Include="libraries\physx\include\extensions\PxRemeshingExt.h">
      <Filter>Header Files</Filter>
    </ClInclude>
    <ClInclude Include="libraries\physx\include\extensions\PxRepXSerializer.h">
      <Filter>Header Files</Filter>
    </ClInclude>
    <ClInclude Include="libraries\physx\include\extensions\PxRepXSimpleType.h">
      <Filter>Header Files</Filter>
    </ClInclude>
    <ClInclude Include="libraries\physx\include\extensions\PxRevoluteJoint.h">
      <Filter>Header Files</Filter>
    </ClInclude>
    <ClInclude Include="libraries\physx\include\extensions\PxRigidActorExt.h">
      <Filter>Header Files</Filter>
    </ClInclude>
    <ClInclude Include="libraries\physx\include\extensions\PxRigidBodyExt.h">
      <Filter>Header Files</Filter>
    </ClInclude>
    <ClInclude Include="libraries\physx\include\extensions\PxSamplingExt.h">
      <Filter>Header Files</Filter>
    </ClInclude>
    <ClInclude Include="libraries\physx\include\extensions\PxSceneQueryExt.h">
      <Filter>Header Files</Filter>
    </ClInclude>
    <ClInclude Include="libraries\physx\include\extensions\PxSceneQuerySystemExt.h">
      <Filter>Header Files</Filter>
    </ClInclude>
    <ClInclude Include="libraries\physx\include\extensions\PxSerialization.h">
      <Filter>Header Files</Filter>
    </ClInclude>
    <ClInclude Include="libraries\physx\include\extensions\PxShapeExt.h">
      <Filter>Header Files</Filter>
    </ClInclude>
    <ClInclude Include="libraries\physx\include\extensions\PxSimpleFactory.h">
      <Filter>Header Files</Filter>
    </ClInclude>
    <ClInclude Include="libraries\physx\include\extensions\PxSmoothNormals.h">
      <Filter>Header Files</Filter>
    </ClInclude>
    <ClInclude Include="libraries\physx\include\extensions\PxSoftBodyExt.h">
      <Filter>Header Files</Filter>
    </ClInclude>
    <ClInclude Include="libraries\physx\include\extensions\PxSphericalJoint.h">
      <Filter>Header Files</Filter>
    </ClInclude>
    <ClInclude Include="libraries\physx\include\extensions\PxStringTableExt.h">
      <Filter>Header Files</Filter>
    </ClInclude>
    <ClInclude Include="libraries\physx\include\extensions\PxTetMakerExt.h">
      <Filter>Header Files</Filter>
    </ClInclude>
    <ClInclude Include="libraries\physx\include\extensions\PxTetrahedronMeshAnalysisResult.h">
      <Filter>Header Files</Filter>
    </ClInclude>
    <ClInclude Include="libraries\physx\include\extensions\PxTetrahedronMeshExt.h">
      <Filter>Header Files</Filter>
    </ClInclude>
    <ClInclude Include="libraries\physx\include\extensions\PxTriangleMeshAnalysisResult.h">
      <Filter>Header Files</Filter>
    </ClInclude>
    <ClInclude Include="libraries\physx\include\extensions\PxTriangleMeshExt.h">
      <Filter>Header Files</Filter>
    </ClInclude>
    <ClInclude Include="libraries\physx\include\filebuf\PxFileBuf.h">
      <Filter>Header Files</Filter>
    </ClInclude>
    <ClInclude Include="libraries\physx\include\foundation\unix\neon\PxUnixNeonAoS.h">
      <Filter>Header Files</Filter>
    </ClInclude>
    <ClInclude Include="libraries\physx\include\foundation\unix\neon\PxUnixNeonInlineAoS.h">
      <Filter>Header Files</Filter>
    </ClInclude>
    <ClInclude Include="libraries\physx\include\foundation\unix\sse2\PxUnixSse2AoS.h">
      <Filter>Header Files</Filter>
    </ClInclude>
    <ClInclude Include="libraries\physx\include\foundation\unix\sse2\PxUnixSse2InlineAoS.h">
      <Filter>Header Files</Filter>
    </ClInclude>
    <ClInclude Include="libraries\physx\include\foundation\unix\PxUnixAoS.h">
      <Filter>Header Files</Filter>
    </ClInclude>
    <ClInclude Include="libraries\physx\include\foundation\unix\PxUnixFPU.h">
      <Filter>Header Files</Filter>
    </ClInclude>
    <ClInclude Include="libraries\physx\include\foundation\unix\PxUnixInlineAoS.h">
      <Filter>Header Files</Filter>
    </ClInclude>
    <ClInclude Include="libraries\physx\include\foundation\unix\PxUnixIntrinsics.h">
      <Filter>Header Files</Filter>
    </ClInclude>
    <ClInclude Include="libraries\physx\include\foundation\unix\PxUnixMathIntrinsics.h">
      <Filter>Header Files</Filter>
    </ClInclude>
    <ClInclude Include="libraries\physx\include\foundation\unix\PxUnixTrigConstants.h">
      <Filter>Header Files</Filter>
    </ClInclude>
    <ClInclude Include="libraries\physx\include\foundation\windows\PxWindowsAoS.h">
      <Filter>Header Files</Filter>
    </ClInclude>
    <ClInclude Include="libraries\physx\include\foundation\windows\PxWindowsFPU.h">
      <Filter>Header Files</Filter>
    </ClInclude>
    <ClInclude Include="libraries\physx\include\foundation\windows\PxWindowsInclude.h">
      <Filter>Header Files</Filter>
    </ClInclude>
    <ClInclude Include="libraries\physx\include\foundation\windows\PxWindowsInlineAoS.h">
      <Filter>Header Files</Filter>
    </ClInclude>
    <ClInclude Include="libraries\physx\include\foundation\windows\PxWindowsIntrinsics.h">
      <Filter>Header Files</Filter>
    </ClInclude>
    <ClInclude Include="libraries\physx\include\foundation\windows\PxWindowsMathIntrinsics.h">
      <Filter>Header Files</Filter>
    </ClInclude>
    <ClInclude Include="libraries\physx\include\foundation\windows\PxWindowsTrigConstants.h">
      <Filter>Header Files</Filter>
    </ClInclude>
    <ClInclude Include="libraries\physx\include\foundation\Px.h">
      <Filter>Header Files</Filter>
    </ClInclude>
    <ClInclude Include="libraries\physx\include\foundation\PxAlignedMalloc.h">
      <Filter>Header Files</Filter>
    </ClInclude>
    <ClInclude Include="libraries\physx\include\foundation\PxAlloca.h">
      <Filter>Header Files</Filter>
    </ClInclude>
    <ClInclude Include="libraries\physx\include\foundation\PxAllocator.h">
      <Filter>Header Files</Filter>
    </ClInclude>
    <ClInclude Include="libraries\physx\include\foundation\PxAllocatorCallback.h">
      <Filter>Header Files</Filter>
    </ClInclude>
    <ClInclude Include="libraries\physx\include\foundation\PxAoS.h">
      <Filter>Header Files</Filter>
    </ClInclude>
    <ClInclude Include="libraries\physx\include\foundation\PxArray.h">
      <Filter>Header Files</Filter>
    </ClInclude>
    <ClInclude Include="libraries\physx\include\foundation\PxAssert.h">
      <Filter>Header Files</Filter>
    </ClInclude>
    <ClInclude Include="libraries\physx\include\foundation\PxAtomic.h">
      <Filter>Header Files</Filter>
    </ClInclude>
    <ClInclude Include="libraries\physx\include\foundation\PxBasicTemplates.h">
      <Filter>Header Files</Filter>
    </ClInclude>
    <ClInclude Include="libraries\physx\include\foundation\PxBitAndData.h">
      <Filter>Header Files</Filter>
    </ClInclude>
    <ClInclude Include="libraries\physx\include\foundation\PxBitMap.h">
      <Filter>Header Files</Filter>
    </ClInclude>
    <ClInclude Include="libraries\physx\include\foundation\PxBitUtils.h">
      <Filter>Header Files</Filter>
    </ClInclude>
    <ClInclude Include="libraries\physx\include\foundation\PxBounds3.h">
      <Filter>Header Files</Filter>
    </ClInclude>
    <ClInclude Include="libraries\physx\include\foundation\PxBroadcast.h">
      <Filter>Header Files</Filter>
    </ClInclude>
    <ClInclude Include="libraries\physx\include\foundation\PxErrorCallback.h">
      <Filter>Header Files</Filter>
    </ClInclude>
    <ClInclude Include="libraries\physx\include\foundation\PxErrors.h">
      <Filter>Header Files</Filter>
    </ClInclude>
    <ClInclude Include="libraries\physx\include\foundation\PxFlags.h">
      <Filter>Header Files</Filter>
    </ClInclude>
    <ClInclude Include="libraries\physx\include\foundation\PxFoundation.h">
      <Filter>Header Files</Filter>
    </ClInclude>
    <ClInclude Include="libraries\physx\include\foundation\PxFoundationConfig.h">
      <Filter>Header Files</Filter>
    </ClInclude>
    <ClInclude Include="libraries\physx\include\foundation\PxFPU.h">
      <Filter>Header Files</Filter>
    </ClInclude>
    <ClInclude Include="libraries\physx\include\foundation\PxHash.h">
      <Filter>Header Files</Filter>
    </ClInclude>
    <ClInclude Include="libraries\physx\include\foundation\PxHashInternals.h">
      <Filter>Header Files</Filter>
    </ClInclude>
    <ClInclude Include="libraries\physx\include\foundation\PxHashMap.h">
      <Filter>Header Files</Filter>
    </ClInclude>
    <ClInclude Include="libraries\physx\include\foundation\PxHashSet.h">
      <Filter>Header Files</Filter>
    </ClInclude>
    <ClInclude Include="libraries\physx\include\foundation\PxInlineAllocator.h">
      <Filter>Header Files</Filter>
    </ClInclude>
    <ClInclude Include="libraries\physx\include\foundation\PxInlineAoS.h">
      <Filter>Header Files</Filter>
    </ClInclude>
    <ClInclude Include="libraries\physx\include\foundation\PxInlineArray.h">
      <Filter>Header Files</Filter>
    </ClInclude>
    <ClInclude Include="libraries\physx\include\foundation\PxIntrinsics.h">
      <Filter>Header Files</Filter>
    </ClInclude>
    <ClInclude Include="libraries\physx\include\foundation\PxIO.h">
      <Filter>Header Files</Filter>
    </ClInclude>
    <ClInclude Include="libraries\physx\include\foundation\PxMat33.h">
      <Filter>Header Files</Filter>
    </ClInclude>
    <ClInclude Include="libraries\physx\include\foundation\PxMat34.h">
      <Filter>Header Files</Filter>
    </ClInclude>
    <ClInclude Include="libraries\physx\include\foundation\PxMat44.h">
      <Filter>Header Files</Filter>
    </ClInclude>
    <ClInclude Include="libraries\physx\include\foundation\PxMath.h">
      <Filter>Header Files</Filter>
    </ClInclude>
    <ClInclude Include="libraries\physx\include\foundation\PxMathIntrinsics.h">
      <Filter>Header Files</Filter>
    </ClInclude>
    <ClInclude Include="libraries\physx\include\foundation\PxMathUtils.h">
      <Filter>Header Files</Filter>
    </ClInclude>
    <ClInclude Include="libraries\physx\include\foundation\PxMemory.h">
      <Filter>Header Files</Filter>
    </ClInclude>
    <ClInclude Include="libraries\physx\include\foundation\PxMutex.h">
      <Filter>Header Files</Filter>
    </ClInclude>
    <ClInclude Include="libraries\physx\include\foundation\PxPhysicsVersion.h">
      <Filter>Header Files</Filter>
    </ClInclude>
    <ClInclude Include="libraries\physx\include\foundation\PxPinnedArray.h">
      <Filter>Header Files</Filter>
    </ClInclude>
    <ClInclude Include="libraries\physx\include\foundation\PxPlane.h">
      <Filter>Header Files</Filter>
    </ClInclude>
    <ClInclude Include="libraries\physx\include\foundation\PxPool.h">
      <Filter>Header Files</Filter>
    </ClInclude>
    <ClInclude Include="libraries\physx\include\foundation\PxPreprocessor.h">
      <Filter>Header Files</Filter>
    </ClInclude>
    <ClInclude Include="libraries\physx\include\foundation\PxProfiler.h">
      <Filter>Header Files</Filter>
    </ClInclude>
    <ClInclude Include="libraries\physx\include\foundation\PxQuat.h">
      <Filter>Header Files</Filter>
    </ClInclude>
    <ClInclude Include="libraries\physx\include\foundation\PxSIMDHelpers.h">
      <Filter>Header Files</Filter>
    </ClInclude>
    <ClInclude Include="libraries\physx\include\foundation\PxSimpleTypes.h">
      <Filter>Header Files</Filter>
    </ClInclude>
    <ClInclude Include="libraries\physx\include\foundation\PxSList.h">
      <Filter>Header Files</Filter>
    </ClInclude>
    <ClInclude Include="libraries\physx\include\foundation\PxSocket.h">
      <Filter>Header Files</Filter>
    </ClInclude>
    <ClInclude Include="libraries\physx\include\foundation\PxSort.h">
      <Filter>Header Files</Filter>
    </ClInclude>
    <ClInclude Include="libraries\physx\include\foundation\PxSortInternals.h">
      <Filter>Header Files</Filter>
    </ClInclude>
    <ClInclude Include="libraries\physx\include\foundation\PxStrideIterator.h">
      <Filter>Header Files</Filter>
    </ClInclude>
    <ClInclude Include="libraries\physx\include\foundation\PxString.h">
      <Filter>Header Files</Filter>
    </ClInclude>
    <ClInclude Include="libraries\physx\include\foundation\PxSync.h">
      <Filter>Header Files</Filter>
    </ClInclude>
    <ClInclude Include="libraries\physx\include\foundation\PxTempAllocator.h">
      <Filter>Header Files</Filter>
    </ClInclude>
    <ClInclude Include="libraries\physx\include\foundation\PxThread.h">
      <Filter>Header Files</Filter>
    </ClInclude>
    <ClInclude Include="libraries\physx\include\foundation\PxTime.h">
      <Filter>Header Files</Filter>
    </ClInclude>
    <ClInclude Include="libraries\physx\include\foundation\PxTransform.h">
      <Filter>Header Files</Filter>
    </ClInclude>
    <ClInclude Include="libraries\physx\include\foundation\PxUnionCast.h">
      <Filter>Header Files</Filter>
    </ClInclude>
    <ClInclude Include="libraries\physx\include\foundation\PxUserAllocated.h">
      <Filter>Header Files</Filter>
    </ClInclude>
    <ClInclude Include="libraries\physx\include\foundation\PxUtilities.h">
      <Filter>Header Files</Filter>
    </ClInclude>
    <ClInclude Include="libraries\physx\include\foundation\PxVec2.h">
      <Filter>Header Files</Filter>
    </ClInclude>
    <ClInclude Include="libraries\physx\include\foundation\PxVec3.h">
      <Filter>Header Files</Filter>
    </ClInclude>
    <ClInclude Include="libraries\physx\include\foundation\PxVec4.h">
      <Filter>Header Files</Filter>
    </ClInclude>
    <ClInclude Include="libraries\physx\include\foundation\PxVecMath.h">
      <Filter>Header Files</Filter>
    </ClInclude>
    <ClInclude Include="libraries\physx\include\foundation\PxVecMathAoSScalar.h">
      <Filter>Header Files</Filter>
    </ClInclude>
    <ClInclude Include="libraries\physx\include\foundation\PxVecMathAoSScalarInline.h">
      <Filter>Header Files</Filter>
    </ClInclude>
    <ClInclude Include="libraries\physx\include\foundation\PxVecMathSSE.h">
      <Filter>Header Files</Filter>
    </ClInclude>
    <ClInclude Include="libraries\physx\include\foundation\PxVecQuat.h">
      <Filter>Header Files</Filter>
    </ClInclude>
    <ClInclude Include="libraries\physx\include\foundation\PxVecTransform.h">
      <Filter>Header Files</Filter>
    </ClInclude>
    <ClInclude Include="libraries\physx\include\geometry\PxBoxGeometry.h">
      <Filter>Header Files</Filter>
    </ClInclude>
    <ClInclude Include="libraries\physx\include\geometry\PxBVH.h">
      <Filter>Header Files</Filter>
    </ClInclude>
    <ClInclude Include="libraries\physx\include\geometry\PxBVHBuildStrategy.h">
      <Filter>Header Files</Filter>
    </ClInclude>
    <ClInclude Include="libraries\physx\include\geometry\PxCapsuleGeometry.h">
      <Filter>Header Files</Filter>
    </ClInclude>
    <ClInclude Include="libraries\physx\include\geometry\PxConvexMesh.h">
      <Filter>Header Files</Filter>
    </ClInclude>
    <ClInclude Include="libraries\physx\include\geometry\PxConvexMeshGeometry.h">
      <Filter>Header Files</Filter>
    </ClInclude>
    <ClInclude Include="libraries\physx\include\geometry\PxCustomGeometry.h">
      <Filter>Header Files</Filter>
    </ClInclude>
    <ClInclude Include="libraries\physx\include\geometry\PxGeometry.h">
      <Filter>Header Files</Filter>
    </ClInclude>
    <ClInclude Include="libraries\physx\include\geometry\PxGeometryHelpers.h">
      <Filter>Header Files</Filter>
    </ClInclude>
    <ClInclude Include="libraries\physx\include\geometry\PxGeometryHit.h">
      <Filter>Header Files</Filter>
    </ClInclude>
    <ClInclude Include="libraries\physx\include\geometry\PxGeometryInternal.h">
      <Filter>Header Files</Filter>
    </ClInclude>
    <ClInclude Include="libraries\physx\include\geometry\PxGeometryQuery.h">
      <Filter>Header Files</Filter>
    </ClInclude>
    <ClInclude Include="libraries\physx\include\geometry\PxGeometryQueryContext.h">
      <Filter>Header Files</Filter>
    </ClInclude>
    <ClInclude Include="libraries\physx\include\geometry\PxGeometryQueryFlags.h">
      <Filter>Header Files</Filter>
    </ClInclude>
    <ClInclude Include="libraries\physx\include\geometry\PxGjkQuery.h">
      <Filter>Header Files</Filter>
    </ClInclude>
    <ClInclude Include="libraries\physx\include\geometry\PxHairSystemDesc.h">
      <Filter>Header Files</Filter>
    </ClInclude>
    <ClInclude Include="libraries\physx\include\geometry\PxHairSystemGeometry.h">
      <Filter>Header Files</Filter>
    </ClInclude>
    <ClInclude Include="libraries\physx\include\geometry\PxHeightField.h">
      <Filter>Header Files</Filter>
    </ClInclude>
    <ClInclude Include="libraries\physx\include\geometry\PxHeightFieldDesc.h">
      <Filter>Header Files</Filter>
    </ClInclude>
    <ClInclude Include="libraries\physx\include\geometry\PxHeightFieldFlag.h">
      <Filter>Header Files</Filter>
    </ClInclude>
    <ClInclude Include="libraries\physx\include\geometry\PxHeightFieldGeometry.h">
      <Filter>Header Files</Filter>
    </ClInclude>
    <ClInclude Include="libraries\physx\include\geometry\PxHeightFieldSample.h">
      <Filter>Header Files</Filter>
    </ClInclude>
    <ClInclude Include="libraries\physx\include\geometry\PxMeshQuery.h">
      <Filter>Header Files</Filter>
    </ClInclude>
    <ClInclude Include="libraries\physx\include\geometry\PxMeshScale.h">
      <Filter>Header Files</Filter>
    </ClInclude>
    <ClInclude Include="libraries\physx\include\geometry\PxParticleSystemGeometry.h">
      <Filter>Header Files</Filter>
    </ClInclude>
    <ClInclude Include="libraries\physx\include\geometry\PxPlaneGeometry.h">
      <Filter>Header Files</Filter>
    </ClInclude>
    <ClInclude Include="libraries\physx\include\geometry\PxReportCallback.h">
      <Filter>Header Files</Filter>
    </ClInclude>
    <ClInclude Include="libraries\physx\include\geometry\PxSimpleTriangleMesh.h">
      <Filter>Header Files</Filter>
    </ClInclude>
    <ClInclude Include="libraries\physx\include\geometry\PxSphereGeometry.h">
      <Filter>Header Files</Filter>
    </ClInclude>
    <ClInclude Include="libraries\physx\include\geometry\PxTetrahedron.h">
      <Filter>Header Files</Filter>
    </ClInclude>
    <ClInclude Include="libraries\physx\include\geometry\PxTetrahedronMesh.h">
      <Filter>Header Files</Filter>
    </ClInclude>
    <ClInclude Include="libraries\physx\include\geometry\PxTetrahedronMeshGeometry.h">
      <Filter>Header Files</Filter>
    </ClInclude>
    <ClInclude Include="libraries\physx\include\geometry\PxTriangle.h">
      <Filter>Header Files</Filter>
    </ClInclude>
    <ClInclude Include="libraries\physx\include\geometry\PxTriangleMesh.h">
      <Filter>Header Files</Filter>
    </ClInclude>
    <ClInclude Include="libraries\physx\include\geometry\PxTriangleMeshGeometry.h">
      <Filter>Header Files</Filter>
    </ClInclude>
    <ClInclude Include="libraries\physx\include\geomutils\PxContactBuffer.h">
      <Filter>Header Files</Filter>
    </ClInclude>
    <ClInclude Include="libraries\physx\include\geomutils\PxContactPoint.h">
      <Filter>Header Files</Filter>
    </ClInclude>
    <ClInclude Include="libraries\physx\include\gpu\PxGpu.h">
      <Filter>Header Files</Filter>
    </ClInclude>
    <ClInclude Include="libraries\physx\include\omnipvd\PxOmniPvd.h">
      <Filter>Header Files</Filter>
    </ClInclude>
    <ClInclude Include="libraries\physx\include\pvd\PxPvd.h">
      <Filter>Header Files</Filter>
    </ClInclude>
    <ClInclude Include="libraries\physx\include\pvd\PxPvdSceneClient.h">
      <Filter>Header Files</Filter>
    </ClInclude>
    <ClInclude Include="libraries\physx\include\pvd\PxPvdTransport.h">
      <Filter>Header Files</Filter>
    </ClInclude>
    <ClInclude Include="libraries\physx\include\rapidjson\error\en.h">
      <Filter>Header Files</Filter>
    </ClInclude>
    <ClInclude Include="libraries\physx\include\rapidjson\error\error.h">
      <Filter>Header Files</Filter>
    </ClInclude>
    <ClInclude Include="libraries\physx\include\rapidjson\internal\biginteger.h">
      <Filter>Header Files</Filter>
    </ClInclude>
    <ClInclude Include="libraries\physx\include\rapidjson\internal\clzll.h">
      <Filter>Header Files</Filter>
    </ClInclude>
    <ClInclude Include="libraries\physx\include\rapidjson\internal\diyfp.h">
      <Filter>Header Files</Filter>
    </ClInclude>
    <ClInclude Include="libraries\physx\include\rapidjson\internal\dtoa.h">
      <Filter>Header Files</Filter>
    </ClInclude>
    <ClInclude Include="libraries\physx\include\rapidjson\internal\ieee754.h">
      <Filter>Header Files</Filter>
    </ClInclude>
    <ClInclude Include="libraries\physx\include\rapidjson\internal\itoa.h">
      <Filter>Header Files</Filter>
    </ClInclude>
    <ClInclude Include="libraries\physx\include\rapidjson\internal\meta.h">
      <Filter>Header Files</Filter>
    </ClInclude>
    <ClInclude Include="libraries\physx\include\rapidjson\internal\pow10.h">
      <Filter>Header Files</Filter>
    </ClInclude>
    <ClInclude Include="libraries\physx\include\rapidjson\internal\regex.h">
      <Filter>Header Files</Filter>
    </ClInclude>
    <ClInclude Include="libraries\physx\include\rapidjson\internal\stack.h">
      <Filter>Header Files</Filter>
    </ClInclude>
    <ClInclude Include="libraries\physx\include\rapidjson\internal\strfunc.h">
      <Filter>Header Files</Filter>
    </ClInclude>
    <ClInclude Include="libraries\physx\include\rapidjson\internal\strtod.h">
      <Filter>Header Files</Filter>
    </ClInclude>
    <ClInclude Include="libraries\physx\include\rapidjson\internal\swap.h">
      <Filter>Header Files</Filter>
    </ClInclude>
    <ClInclude Include="libraries\physx\include\rapidjson\msinttypes\inttypes.h">
      <Filter>Header Files</Filter>
    </ClInclude>
    <ClInclude Include="libraries\physx\include\rapidjson\msinttypes\stdint.h">
      <Filter>Header Files</Filter>
    </ClInclude>
    <ClInclude Include="libraries\physx\include\rapidjson\allocators.h">
      <Filter>Header Files</Filter>
    </ClInclude>
    <ClInclude Include="libraries\physx\include\rapidjson\cursorstreamwrapper.h">
      <Filter>Header Files</Filter>
    </ClInclude>
    <ClInclude Include="libraries\physx\include\rapidjson\document.h">
      <Filter>Header Files</Filter>
    </ClInclude>
    <ClInclude Include="libraries\physx\include\rapidjson\encodedstream.h">
      <Filter>Header Files</Filter>
    </ClInclude>
    <ClInclude Include="libraries\physx\include\rapidjson\encodings.h">
      <Filter>Header Files</Filter>
    </ClInclude>
    <ClInclude Include="libraries\physx\include\rapidjson\filereadstream.h">
      <Filter>Header Files</Filter>
    </ClInclude>
    <ClInclude Include="libraries\physx\include\rapidjson\filewritestream.h">
      <Filter>Header Files</Filter>
    </ClInclude>
    <ClInclude Include="libraries\physx\include\rapidjson\fwd.h">
      <Filter>Header Files</Filter>
    </ClInclude>
    <ClInclude Include="libraries\physx\include\rapidjson\istreamwrapper.h">
      <Filter>Header Files</Filter>
    </ClInclude>
    <ClInclude Include="libraries\physx\include\rapidjson\memorybuffer.h">
      <Filter>Header Files</Filter>
    </ClInclude>
    <ClInclude Include="libraries\physx\include\rapidjson\memorystream.h">
      <Filter>Header Files</Filter>
    </ClInclude>
    <ClInclude Include="libraries\physx\include\rapidjson\ostreamwrapper.h">
      <Filter>Header Files</Filter>
    </ClInclude>
    <ClInclude Include="libraries\physx\include\rapidjson\pointer.h">
      <Filter>Header Files</Filter>
    </ClInclude>
    <ClInclude Include="libraries\physx\include\rapidjson\prettywriter.h">
      <Filter>Header Files</Filter>
    </ClInclude>
    <ClInclude Include="libraries\physx\include\rapidjson\rapidjson.h">
      <Filter>Header Files</Filter>
    </ClInclude>
    <ClInclude Include="libraries\physx\include\rapidjson\reader.h">
      <Filter>Header Files</Filter>
    </ClInclude>
    <ClInclude Include="libraries\physx\include\rapidjson\schema.h">
      <Filter>Header Files</Filter>
    </ClInclude>
    <ClInclude Include="libraries\physx\include\rapidjson\stream.h">
      <Filter>Header Files</Filter>
    </ClInclude>
    <ClInclude Include="libraries\physx\include\rapidjson\stringbuffer.h">
      <Filter>Header Files</Filter>
    </ClInclude>
    <ClInclude Include="libraries\physx\include\rapidjson\uri.h">
      <Filter>Header Files</Filter>
    </ClInclude>
    <ClInclude Include="libraries\physx\include\rapidjson\writer.h">
      <Filter>Header Files</Filter>
    </ClInclude>
    <ClInclude Include="libraries\physx\include\solver\PxSolverDefs.h">
      <Filter>Header Files</Filter>
    </ClInclude>
    <ClInclude Include="libraries\physx\include\task\PxCpuDispatcher.h">
      <Filter>Header Files</Filter>
    </ClInclude>
    <ClInclude Include="libraries\physx\include\task\PxTask.h">
      <Filter>Header Files</Filter>
    </ClInclude>
    <ClInclude Include="libraries\physx\include\task\PxTaskManager.h">
      <Filter>Header Files</Filter>
    </ClInclude>
    <ClInclude Include="libraries\physx\include\vehicle\PxVehicleComponents.h">
      <Filter>Header Files</Filter>
    </ClInclude>
    <ClInclude Include="libraries\physx\include\vehicle\PxVehicleDrive.h">
      <Filter>Header Files</Filter>
    </ClInclude>
    <ClInclude Include="libraries\physx\include\vehicle\PxVehicleDrive4W.h">
      <Filter>Header Files</Filter>
    </ClInclude>
    <ClInclude Include="libraries\physx\include\vehicle\PxVehicleDriveNW.h">
      <Filter>Header Files</Filter>
    </ClInclude>
    <ClInclude Include="libraries\physx\include\vehicle\PxVehicleDriveTank.h">
      <Filter>Header Files</Filter>
    </ClInclude>
    <ClInclude Include="libraries\physx\include\vehicle\PxVehicleNoDrive.h">
      <Filter>Header Files</Filter>
    </ClInclude>
    <ClInclude Include="libraries\physx\include\vehicle\PxVehicleSDK.h">
      <Filter>Header Files</Filter>
    </ClInclude>
    <ClInclude Include="libraries\physx\include\vehicle\PxVehicleShaders.h">
      <Filter>Header Files</Filter>
    </ClInclude>
    <ClInclude Include="libraries\physx\include\vehicle\PxVehicleTireFriction.h">
      <Filter>Header Files</Filter>
    </ClInclude>
    <ClInclude Include="libraries\physx\include\vehicle\PxVehicleUpdate.h">
      <Filter>Header Files</Filter>
    </ClInclude>
    <ClInclude Include="libraries\physx\include\vehicle\PxVehicleUtil.h">
      <Filter>Header Files</Filter>
    </ClInclude>
    <ClInclude Include="libraries\physx\include\vehicle\PxVehicleUtilControl.h">
      <Filter>Header Files</Filter>
    </ClInclude>
    <ClInclude Include="libraries\physx\include\vehicle\PxVehicleUtilSetup.h">
      <Filter>Header Files</Filter>
    </ClInclude>
    <ClInclude Include="libraries\physx\include\vehicle\PxVehicleUtilTelemetry.h">
      <Filter>Header Files</Filter>
    </ClInclude>
    <ClInclude Include="libraries\physx\include\vehicle\PxVehicleWheels.h">
      <Filter>Header Files</Filter>
    </ClInclude>
    <ClInclude Include="libraries\physx\include\vehicle2\braking\PxVehicleBrakingFunctions.h">
      <Filter>Header Files</Filter>
    </ClInclude>
    <ClInclude Include="libraries\physx\include\vehicle2\braking\PxVehicleBrakingParams.h">
      <Filter>Header Files</Filter>
    </ClInclude>
    <ClInclude Include="libraries\physx\include\vehicle2\commands\PxVehicleCommandHelpers.h">
      <Filter>Header Files</Filter>
    </ClInclude>
    <ClInclude Include="libraries\physx\include\vehicle2\commands\PxVehicleCommandParams.h">
      <Filter>Header Files</Filter>
    </ClInclude>
    <ClInclude Include="libraries\physx\include\vehicle2\commands\PxVehicleCommandStates.h">
      <Filter>Header Files</Filter>
    </ClInclude>
    <ClInclude Include="libraries\physx\include\vehicle2\drivetrain\PxVehicleDrivetrainComponents.h">
      <Filter>Header Files</Filter>
    </ClInclude>
    <ClInclude Include="libraries\physx\include\vehicle2\drivetrain\PxVehicleDrivetrainFunctions.h">
      <Filter>Header Files</Filter>
    </ClInclude>
    <ClInclude Include="libraries\physx\include\vehicle2\drivetrain\PxVehicleDrivetrainHelpers.h">
      <Filter>Header Files</Filter>
    </ClInclude>
    <ClInclude Include="libraries\physx\include\vehicle2\drivetrain\PxVehicleDrivetrainParams.h">
      <Filter>Header Files</Filter>
    </ClInclude>
    <ClInclude Include="libraries\physx\include\vehicle2\drivetrain\PxVehicleDrivetrainStates.h">
      <Filter>Header Files</Filter>
    </ClInclude>
    <ClInclude Include="libraries\physx\include\vehicle2\physxActor\PxVehiclePhysXActorComponents.h">
      <Filter>Header Files</Filter>
    </ClInclude>
    <ClInclude Include="libraries\physx\include\vehicle2\physxActor\PxVehiclePhysXActorFunctions.h">
      <Filter>Header Files</Filter>
    </ClInclude>
    <ClInclude Include="libraries\physx\include\vehicle2\physxActor\PxVehiclePhysXActorHelpers.h">
      <Filter>Header Files</Filter>
    </ClInclude>
    <ClInclude Include="libraries\physx\include\vehicle2\physxActor\PxVehiclePhysXActorStates.h">
      <Filter>Header Files</Filter>
    </ClInclude>
    <ClInclude Include="libraries\physx\include\vehicle2\physxConstraints\PxVehiclePhysXConstraintComponents.h">
      <Filter>Header Files</Filter>
    </ClInclude>
    <ClInclude Include="libraries\physx\include\vehicle2\physxConstraints\PxVehiclePhysXConstraintFunctions.h">
      <Filter>Header Files</Filter>
    </ClInclude>
    <ClInclude Include="libraries\physx\include\vehicle2\physxConstraints\PxVehiclePhysXConstraintHelpers.h">
      <Filter>Header Files</Filter>
    </ClInclude>
    <ClInclude Include="libraries\physx\include\vehicle2\physxConstraints\PxVehiclePhysXConstraintParams.h">
      <Filter>Header Files</Filter>
    </ClInclude>
    <ClInclude Include="libraries\physx\include\vehicle2\physxConstraints\PxVehiclePhysXConstraintStates.h">
      <Filter>Header Files</Filter>
    </ClInclude>
    <ClInclude Include="libraries\physx\include\vehicle2\physxRoadGeometry\PxVehiclePhysXRoadGeometryComponents.h">
      <Filter>Header Files</Filter>
    </ClInclude>
    <ClInclude Include="libraries\physx\include\vehicle2\physxRoadGeometry\PxVehiclePhysXRoadGeometryFunctions.h">
      <Filter>Header Files</Filter>
    </ClInclude>
    <ClInclude Include="libraries\physx\include\vehicle2\physxRoadGeometry\PxVehiclePhysXRoadGeometryHelpers.h">
      <Filter>Header Files</Filter>
    </ClInclude>
    <ClInclude Include="libraries\physx\include\vehicle2\physxRoadGeometry\PxVehiclePhysXRoadGeometryParams.h">
      <Filter>Header Files</Filter>
    </ClInclude>
    <ClInclude Include="libraries\physx\include\vehicle2\physxRoadGeometry\PxVehiclePhysXRoadGeometryState.h">
      <Filter>Header Files</Filter>
    </ClInclude>
    <ClInclude Include="libraries\physx\include\vehicle2\pvd\PxVehiclePvdComponents.h">
      <Filter>Header Files</Filter>
    </ClInclude>
    <ClInclude Include="libraries\physx\include\vehicle2\pvd\PxVehiclePvdFunctions.h">
      <Filter>Header Files</Filter>
    </ClInclude>
    <ClInclude Include="libraries\physx\include\vehicle2\pvd\PxVehiclePvdHelpers.h">
      <Filter>Header Files</Filter>
    </ClInclude>
    <ClInclude Include="libraries\physx\include\vehicle2\rigidBody\PxVehicleRigidBodyComponents.h">
      <Filter>Header Files</Filter>
    </ClInclude>
    <ClInclude Include="libraries\physx\include\vehicle2\rigidBody\PxVehicleRigidBodyFunctions.h">
      <Filter>Header Files</Filter>
    </ClInclude>
    <ClInclude Include="libraries\physx\include\vehicle2\rigidBody\PxVehicleRigidBodyParams.h">
      <Filter>Header Files</Filter>
    </ClInclude>
    <ClInclude Include="libraries\physx\include\vehicle2\rigidBody\PxVehicleRigidBodyStates.h">
      <Filter>Header Files</Filter>
    </ClInclude>
    <ClInclude Include="libraries\physx\include\vehicle2\roadGeometry\PxVehicleRoadGeometryState.h">
      <Filter>Header Files</Filter>
    </ClInclude>
    <ClInclude Include="libraries\physx\include\vehicle2\steering\PxVehicleSteeringFunctions.h">
      <Filter>Header Files</Filter>
    </ClInclude>
    <ClInclude Include="libraries\physx\include\vehicle2\steering\PxVehicleSteeringParams.h">
      <Filter>Header Files</Filter>
    </ClInclude>
    <ClInclude Include="libraries\physx\include\vehicle2\suspension\PxVehicleSuspensionComponents.h">
      <Filter>Header Files</Filter>
    </ClInclude>
    <ClInclude Include="libraries\physx\include\vehicle2\suspension\PxVehicleSuspensionFunctions.h">
      <Filter>Header Files</Filter>
    </ClInclude>
    <ClInclude Include="libraries\physx\include\vehicle2\suspension\PxVehicleSuspensionHelpers.h">
      <Filter>Header Files</Filter>
    </ClInclude>
    <ClInclude Include="libraries\physx\include\vehicle2\suspension\PxVehicleSuspensionParams.h">
      <Filter>Header Files</Filter>
    </ClInclude>
    <ClInclude Include="libraries\physx\include\vehicle2\suspension\PxVehicleSuspensionStates.h">
      <Filter>Header Files</Filter>
    </ClInclude>
    <ClInclude Include="libraries\physx\include\vehicle2\tire\PxVehicleTireComponents.h">
      <Filter>Header Files</Filter>
    </ClInclude>
    <ClInclude Include="libraries\physx\include\vehicle2\tire\PxVehicleTireFunctions.h">
      <Filter>Header Files</Filter>
    </ClInclude>
    <ClInclude Include="libraries\physx\include\vehicle2\tire\PxVehicleTireHelpers.h">
      <Filter>Header Files</Filter>
    </ClInclude>
    <ClInclude Include="libraries\physx\include\vehicle2\tire\PxVehicleTireParams.h">
      <Filter>Header Files</Filter>
    </ClInclude>
    <ClInclude Include="libraries\physx\include\vehicle2\tire\PxVehicleTireStates.h">
      <Filter>Header Files</Filter>
    </ClInclude>
    <ClInclude Include="libraries\physx\include\vehicle2\wheel\PxVehicleWheelComponents.h">
      <Filter>Header Files</Filter>
    </ClInclude>
    <ClInclude Include="libraries\physx\include\vehicle2\wheel\PxVehicleWheelFunctions.h">
      <Filter>Header Files</Filter>
    </ClInclude>
    <ClInclude Include="libraries\physx\include\vehicle2\wheel\PxVehicleWheelHelpers.h">
      <Filter>Header Files</Filter>
    </ClInclude>
    <ClInclude Include="libraries\physx\include\vehicle2\wheel\PxVehicleWheelParams.h">
      <Filter>Header Files</Filter>
    </ClInclude>
    <ClInclude Include="libraries\physx\include\vehicle2\wheel\PxVehicleWheelStates.h">
      <Filter>Header Files</Filter>
    </ClInclude>
    <ClInclude Include="libraries\physx\include\vehicle2\PxVehicleAPI.h">
      <Filter>Header Files</Filter>
    </ClInclude>
    <ClInclude Include="libraries\physx\include\vehicle2\PxVehicleComponent.h">
      <Filter>Header Files</Filter>
    </ClInclude>
    <ClInclude Include="libraries\physx\include\vehicle2\PxVehicleComponentSequence.h">
      <Filter>Header Files</Filter>
    </ClInclude>
    <ClInclude Include="libraries\physx\include\vehicle2\PxVehicleFunctions.h">
      <Filter>Header Files</Filter>
    </ClInclude>
    <ClInclude Include="libraries\physx\include\vehicle2\PxVehicleLimits.h">
      <Filter>Header Files</Filter>
    </ClInclude>
    <ClInclude Include="libraries\physx\include\vehicle2\PxVehicleMaths.h">
      <Filter>Header Files</Filter>
    </ClInclude>
    <ClInclude Include="libraries\physx\include\vehicle2\PxVehicleParams.h">
      <Filter>Header Files</Filter>
    </ClInclude>
    <ClInclude Include="libraries\physx\include\PxActor.h">
      <Filter>Header Files</Filter>
    </ClInclude>
    <ClInclude Include="libraries\physx\include\PxActorData.h">
      <Filter>Header Files</Filter>
    </ClInclude>
    <ClInclude Include="libraries\physx\include\PxAggregate.h">
      <Filter>Header Files</Filter>
    </ClInclude>
    <ClInclude Include="libraries\physx\include\PxArticulationFlag.h">
      <Filter>Header Files</Filter>
    </ClInclude>
    <ClInclude Include="libraries\physx\include\PxArticulationJointReducedCoordinate.h">
      <Filter>Header Files</Filter>
    </ClInclude>
    <ClInclude Include="libraries\physx\include\PxArticulationLink.h">
      <Filter>Header Files</Filter>
    </ClInclude>
    <ClInclude Include="libraries\physx\include\PxArticulationReducedCoordinate.h">
      <Filter>Header Files</Filter>
    </ClInclude>
    <ClInclude Include="libraries\physx\include\PxArticulationTendon.h">
      <Filter>Header Files</Filter>
    </ClInclude>
    <ClInclude Include="libraries\physx\include\PxArticulationTendonData.h">
      <Filter>Header Files</Filter>
    </ClInclude>
    <ClInclude Include="libraries\physx\include\PxAttachment.h">
      <Filter>Header Files</Filter>
    </ClInclude>
    <ClInclude Include="libraries\physx\include\PxBaseMaterial.h">
      <Filter>Header Files</Filter>
    </ClInclude>
    <ClInclude Include="libraries\physx\include\PxBroadPhase.h">
      <Filter>Header Files</Filter>
    </ClInclude>
    <ClInclude Include="libraries\physx\include\PxBuffer.h">
      <Filter>Header Files</Filter>
    </ClInclude>
    <ClInclude Include="libraries\physx\include\PxClient.h">
      <Filter>Header Files</Filter>
    </ClInclude>
    <ClInclude Include="libraries\physx\include\PxConeLimitedConstraint.h">
      <Filter>Header Files</Filter>
    </ClInclude>
    <ClInclude Include="libraries\physx\include\PxConfig.h">
      <Filter>Header Files</Filter>
    </ClInclude>
    <ClInclude Include="libraries\physx\include\PxConstraint.h">
      <Filter>Header Files</Filter>
    </ClInclude>
    <ClInclude Include="libraries\physx\include\PxConstraintDesc.h">
      <Filter>Header Files</Filter>
    </ClInclude>
    <ClInclude Include="libraries\physx\include\PxContact.h">
      <Filter>Header Files</Filter>
    </ClInclude>
    <ClInclude Include="libraries\physx\include\PxContactModifyCallback.h">
      <Filter>Header Files</Filter>
    </ClInclude>
    <ClInclude Include="libraries\physx\include\PxCustomParticleSystemSolverCallback.h">
      <Filter>Header Files</Filter>
    </ClInclude>
    <ClInclude Include="libraries\physx\include\PxDeletionListener.h">
      <Filter>Header Files</Filter>
    </ClInclude>
    <ClInclude Include="libraries\physx\include\PxFEMClothFlags.h">
      <Filter>Header Files</Filter>
    </ClInclude>
    <ClInclude Include="libraries\physx\include\PxFEMClothMaterial.h">
      <Filter>Header Files</Filter>
    </ClInclude>
    <ClInclude Include="libraries\physx\include\PxFEMMaterial.h">
      <Filter>Header Files</Filter>
    </ClInclude>
    <ClInclude Include="libraries\physx\include\PxFEMParameter.h">
      <Filter>Header Files</Filter>
    </ClInclude>
    <ClInclude Include="libraries\physx\include\PxFEMSoftBodyMaterial.h">
      <Filter>Header Files</Filter>
    </ClInclude>
    <ClInclude Include="libraries\physx\include\PxFiltering.h">
      <Filter>Header Files</Filter>
    </ClInclude>
    <ClInclude Include="libraries\physx\include\PxFLIPMaterial.h">
      <Filter>Header Files</Filter>
    </ClInclude>
    <ClInclude Include="libraries\physx\include\PxForceMode.h">
      <Filter>Header Files</Filter>
    </ClInclude>
    <ClInclude Include="libraries\physx\include\PxHairSystemFlag.h">
      <Filter>Header Files</Filter>
    </ClInclude>
    <ClInclude Include="libraries\physx\include\PxImmediateMode.h">
      <Filter>Header Files</Filter>
    </ClInclude>
    <ClInclude Include="libraries\physx\include\PxLockedData.h">
      <Filter>Header Files</Filter>
    </ClInclude>
    <ClInclude Include="libraries\physx\include\PxMaterial.h">
      <Filter>Header Files</Filter>
    </ClInclude>
    <ClInclude Include="libraries\physx\include\PxMPMMaterial.h">
      <Filter>Header Files</Filter>
    </ClInclude>
    <ClInclude Include="libraries\physx\include\PxNodeIndex.h">
      <Filter>Header Files</Filter>
    </ClInclude>
    <ClInclude Include="libraries\physx\include\PxParticleBuffer.h">
      <Filter>Header Files</Filter>
    </ClInclude>
    <ClInclude Include="libraries\physx\include\PxParticleGpu.h">
      <Filter>Header Files</Filter>
    </ClInclude>
    <ClInclude Include="libraries\physx\include\PxParticleMaterial.h">
      <Filter>Header Files</Filter>
    </ClInclude>
    <ClInclude Include="libraries\physx\include\PxParticleSolverType.h">
      <Filter>Header Files</Filter>
    </ClInclude>
    <ClInclude Include="libraries\physx\include\PxParticleSystem.h">
      <Filter>Header Files</Filter>
    </ClInclude>
    <ClInclude Include="libraries\physx\include\PxParticleSystemFlag.h">
      <Filter>Header Files</Filter>
    </ClInclude>
    <ClInclude Include="libraries\physx\include\PxPBDMaterial.h">
      <Filter>Header Files</Filter>
    </ClInclude>
    <ClInclude Include="libraries\physx\include\PxPBDParticleSystem.h">
      <Filter>Header Files</Filter>
    </ClInclude>
    <ClInclude Include="libraries\physx\include\PxPhysics.h">
      <Filter>Header Files</Filter>
    </ClInclude>
    <ClInclude Include="libraries\physx\include\PxPhysicsAPI.h">
      <Filter>Header Files</Filter>
    </ClInclude>
    <ClInclude Include="libraries\physx\include\PxPhysicsSerialization.h">
      <Filter>Header Files</Filter>
    </ClInclude>
    <ClInclude Include="libraries\physx\include\PxPhysXConfig.h">
      <Filter>Header Files</Filter>
    </ClInclude>
    <ClInclude Include="libraries\physx\include\PxPruningStructure.h">
      <Filter>Header Files</Filter>
    </ClInclude>
    <ClInclude Include="libraries\physx\include\PxQueryFiltering.h">
      <Filter>Header Files</Filter>
    </ClInclude>
    <ClInclude Include="libraries\physx\include\PxQueryReport.h">
      <Filter>Header Files</Filter>
    </ClInclude>
    <ClInclude Include="libraries\physx\include\PxRigidActor.h">
      <Filter>Header Files</Filter>
    </ClInclude>
    <ClInclude Include="libraries\physx\include\PxRigidBody.h">
      <Filter>Header Files</Filter>
    </ClInclude>
    <ClInclude Include="libraries\physx\include\PxRigidDynamic.h">
      <Filter>Header Files</Filter>
    </ClInclude>
    <ClInclude Include="libraries\physx\include\PxRigidStatic.h">
      <Filter>Header Files</Filter>
    </ClInclude>
    <ClInclude Include="libraries\physx\include\PxScene.h">
      <Filter>Header Files</Filter>
    </ClInclude>
    <ClInclude Include="libraries\physx\include\PxSceneDesc.h">
      <Filter>Header Files</Filter>
    </ClInclude>
    <ClInclude Include="libraries\physx\include\PxSceneLock.h">
      <Filter>Header Files</Filter>
    </ClInclude>
    <ClInclude Include="libraries\physx\include\PxSceneQueryDesc.h">
      <Filter>Header Files</Filter>
    </ClInclude>
    <ClInclude Include="libraries\physx\include\PxSceneQuerySystem.h">
      <Filter>Header Files</Filter>
    </ClInclude>
    <ClInclude Include="libraries\physx\include\PxShape.h">
      <Filter>Header Files</Filter>
    </ClInclude>
    <ClInclude Include="libraries\physx\include\PxSimulationEventCallback.h">
      <Filter>Header Files</Filter>
    </ClInclude>
    <ClInclude Include="libraries\physx\include\PxSimulationStatistics.h">
      <Filter>Header Files</Filter>
    </ClInclude>
    <ClInclude Include="libraries\physx\include\PxSoftBody.h">
      <Filter>Header Files</Filter>
    </ClInclude>
    <ClInclude Include="libraries\physx\include\PxSoftBodyFlag.h">
      <Filter>Header Files</Filter>
    </ClInclude>
    <ClInclude Include="libraries\physx\include\PxSparseGridParams.h">
      <Filter>Header Files</Filter>
    </ClInclude>
    <ClInclude Include="libraries\physx\include\PxVisualizationParameter.h">
      <Filter>Header Files</Filter>
    </ClInclude>
    <ClInclude Include="src\Boilerplate\OBJ_Loader.h">
      <Filter>Header Files</Filter>
    </ClInclude>
    <ClInclude Include="src\PlayerProperties.h">
      <Filter>Header Files</Filter>
    </ClInclude>
    <ClInclude Include="src\NavMesh.h">
      <Filter>Header Files</Filter>
    </ClInclude>
    <ClInclude Include="src\Node.h">
      <Filter>Header Files</Filter>
    </ClInclude>
    <ClInclude Include="src\Pathfinder.h">
      <Filter>Header Files</Filter>
    </ClInclude>
    <ClInclude Include="src\AiController.h">
      <Filter>Header Files</Filter>
    </ClInclude>
  </ItemGroup>
  <ItemGroup>
    <Image Include="assets\textures\container.jpg">
      <Filter>Resource Files</Filter>
    </Image>
    <Image Include="assets\textures\nice.jpg">
      <Filter>Resource Files</Filter>
    </Image>
  </ItemGroup>
  <ItemGroup>
    <Font Include="assets\fonts\arial.ttf" />
  </ItemGroup>
  <ItemGroup>
    <Library Include="libraries\freetype-2.12.1\objs\freetype.lib" />
  </ItemGroup>
  <ItemGroup>
    <Text Include="src\Boilerplate\shaderBasicFragment.txt" />
    <Text Include="src\Boilerplate\shaderBasicVertex.txt" />
    <Text Include="src\Cel Shader\shaderCelFragment.txt" />
    <Text Include="src\Cel Shader\shaderCelVertex.txt" />
    <Text Include="src\Cel Shader\shaderOutlineFragment.txt" />
    <Text Include="src\Cel Shader\shaderOutlineVertex.txt" />
  </ItemGroup>
</Project>